// !$*UTF8*$!
{
	archiveVersion = 1;
	classes = {
	};
	objectVersion = 56;
	objects = {

/* Begin PBXBuildFile section */
		AB94F3B92B3DB8C5003BA4CB /* main.swift in Sources */ = {isa = PBXBuildFile; fileRef = AB94F3B82B3DB8C5003BA4CB /* main.swift */; };
		AB94F3C12B3DB91C003BA4CB /* DiscordAuth in Frameworks */ = {isa = PBXBuildFile; productRef = AB94F3C02B3DB91C003BA4CB /* DiscordAuth */; };
		AB94F3C32B3DB91C003BA4CB /* DiscordBM in Frameworks */ = {isa = PBXBuildFile; productRef = AB94F3C22B3DB91C003BA4CB /* DiscordBM */; };
		AB94F3C52B3DB91C003BA4CB /* DiscordCore in Frameworks */ = {isa = PBXBuildFile; productRef = AB94F3C42B3DB91C003BA4CB /* DiscordCore */; };
		AB94F3C72B3DB91C003BA4CB /* DiscordGateway in Frameworks */ = {isa = PBXBuildFile; productRef = AB94F3C62B3DB91C003BA4CB /* DiscordGateway */; };
		AB94F3C92B3DB91C003BA4CB /* DiscordHTTP in Frameworks */ = {isa = PBXBuildFile; productRef = AB94F3C82B3DB91C003BA4CB /* DiscordHTTP */; };
		AB94F3CB2B3DB91C003BA4CB /* DiscordModels in Frameworks */ = {isa = PBXBuildFile; productRef = AB94F3CA2B3DB91C003BA4CB /* DiscordModels */; };
		AB94F3CD2B3DB91C003BA4CB /* DiscordUtilities in Frameworks */ = {isa = PBXBuildFile; productRef = AB94F3CC2B3DB91C003BA4CB /* DiscordUtilities */; };
		AB94F3CF2B3DB974003BA4CB /* EventHandler.swift in Sources */ = {isa = PBXBuildFile; fileRef = AB94F3CE2B3DB974003BA4CB /* EventHandler.swift */; };
		AB94F3D12B3DDC25003BA4CB /* DiscordCommand.swift in Sources */ = {isa = PBXBuildFile; fileRef = AB94F3D02B3DDC25003BA4CB /* DiscordCommand.swift */; };
		AB94F3D62B3DE00D003BA4CB /* HelloCommand.swift in Sources */ = {isa = PBXBuildFile; fileRef = AB94F3D52B3DE00D003BA4CB /* HelloCommand.swift */; };
		AB94F3D92B3DE2E0003BA4CB /* JFUtils in Frameworks */ = {isa = PBXBuildFile; productRef = AB94F3D82B3DE2E0003BA4CB /* JFUtils */; };
		AB94F3DB2B3DE38F003BA4CB /* DiscordCommandError.swift in Sources */ = {isa = PBXBuildFile; fileRef = AB94F3DA2B3DE38F003BA4CB /* DiscordCommandError.swift */; };
		AB94F3DD2B3E0D21003BA4CB /* BOT_TOKEN in CopyFiles */ = {isa = PBXBuildFile; fileRef = AB94F3DC2B3E0D21003BA4CB /* BOT_TOKEN */; };
		AB94F3DF2B3E105E003BA4CB /* BotPermissionLevel.swift in Sources */ = {isa = PBXBuildFile; fileRef = AB94F3DE2B3E105E003BA4CB /* BotPermissionLevel.swift */; };
		AB94F3E12B3E1220003BA4CB /* Permissions.swift in Sources */ = {isa = PBXBuildFile; fileRef = AB94F3E02B3E1220003BA4CB /* Permissions.swift */; };
		AB94F3E32B3E15BB003BA4CB /* MyPermissionsCommand.swift in Sources */ = {isa = PBXBuildFile; fileRef = AB94F3E22B3E15BB003BA4CB /* MyPermissionsCommand.swift */; };
		AB94F3E62B3EE787003BA4CB /* SetPermissionLevel.swift in Sources */ = {isa = PBXBuildFile; fileRef = AB94F3E52B3EE787003BA4CB /* SetPermissionLevel.swift */; };
		AB94F3E82B3EFAAF003BA4CB /* Utils.swift in Sources */ = {isa = PBXBuildFile; fileRef = AB94F3E72B3EFAAF003BA4CB /* Utils.swift */; };
		AB94F3EA2B3F1DFF003BA4CB /* ShowPermissionsCommand.swift in Sources */ = {isa = PBXBuildFile; fileRef = AB94F3E92B3F1DFF003BA4CB /* ShowPermissionsCommand.swift */; };
		AB94F3EC2B3F23C8003BA4CB /* DiscordBotError.swift in Sources */ = {isa = PBXBuildFile; fileRef = AB94F3EB2B3F23C8003BA4CB /* DiscordBotError.swift */; };
		AB94F3EE2B3F2412003BA4CB /* PermissionsHandler.swift in Sources */ = {isa = PBXBuildFile; fileRef = AB94F3ED2B3F2412003BA4CB /* PermissionsHandler.swift */; };
		AB94F3F02B3F3536003BA4CB /* ListWorldsCommand.swift in Sources */ = {isa = PBXBuildFile; fileRef = AB94F3EF2B3F3536003BA4CB /* ListWorldsCommand.swift */; };
		AB94F3F22B3F35C2003BA4CB /* PterodactylAPI.swift in Sources */ = {isa = PBXBuildFile; fileRef = AB94F3F12B3F35C2003BA4CB /* PterodactylAPI.swift */; };
		AB94F3F52B3F35EF003BA4CB /* FoundryWorld.swift in Sources */ = {isa = PBXBuildFile; fileRef = AB94F3F42B3F35EF003BA4CB /* FoundryWorld.swift */; };
		AB94F3F72B3F63AE003BA4CB /* Secrets.swift in Sources */ = {isa = PBXBuildFile; fileRef = AB94F3F62B3F63AE003BA4CB /* Secrets.swift */; };
		AB94F3F92B3F64A4003BA4CB /* SecretsError.swift in Sources */ = {isa = PBXBuildFile; fileRef = AB94F3F82B3F64A4003BA4CB /* SecretsError.swift */; };
		AB94F3FB2B3F69A4003BA4CB /* PTERODACTYL_API_KEY in CopyFiles */ = {isa = PBXBuildFile; fileRef = AB94F3FA2B3F69A4003BA4CB /* PTERODACTYL_API_KEY */; };
		AB94F3FD2B3F6BD8003BA4CB /* FileListResponse.swift in Sources */ = {isa = PBXBuildFile; fileRef = AB94F3FC2B3F6BD8003BA4CB /* FileListResponse.swift */; };
		AB94F3FF2B3F6D55003BA4CB /* BotConfig.swift in Sources */ = {isa = PBXBuildFile; fileRef = AB94F3FE2B3F6D55003BA4CB /* BotConfig.swift */; };
		AB94F4012B4336E0003BA4CB /* Savable.swift in Sources */ = {isa = PBXBuildFile; fileRef = AB94F4002B4336E0003BA4CB /* Savable.swift */; };
/* End PBXBuildFile section */

/* Begin PBXCopyFilesBuildPhase section */
		AB94F3B32B3DB8C5003BA4CB /* CopyFiles */ = {
			isa = PBXCopyFilesBuildPhase;
			buildActionMask = 12;
			dstPath = "";
			dstSubfolderSpec = 16;
			files = (
				AB94F3FB2B3F69A4003BA4CB /* PTERODACTYL_API_KEY in CopyFiles */,
				AB94F3DD2B3E0D21003BA4CB /* BOT_TOKEN in CopyFiles */,
			);
			runOnlyForDeploymentPostprocessing = 0;
		};
/* End PBXCopyFilesBuildPhase section */

/* Begin PBXFileReference section */
		AB94F3B52B3DB8C5003BA4CB /* FoundryWorldSwitcher */ = {isa = PBXFileReference; explicitFileType = "compiled.mach-o.executable"; includeInIndex = 0; path = FoundryWorldSwitcher; sourceTree = BUILT_PRODUCTS_DIR; };
		AB94F3B82B3DB8C5003BA4CB /* main.swift */ = {isa = PBXFileReference; lastKnownFileType = sourcecode.swift; path = main.swift; sourceTree = "<group>"; };
		AB94F3CE2B3DB974003BA4CB /* EventHandler.swift */ = {isa = PBXFileReference; lastKnownFileType = sourcecode.swift; path = EventHandler.swift; sourceTree = "<group>"; };
		AB94F3D02B3DDC25003BA4CB /* DiscordCommand.swift */ = {isa = PBXFileReference; lastKnownFileType = sourcecode.swift; path = DiscordCommand.swift; sourceTree = "<group>"; };
		AB94F3D52B3DE00D003BA4CB /* HelloCommand.swift */ = {isa = PBXFileReference; lastKnownFileType = sourcecode.swift; path = HelloCommand.swift; sourceTree = "<group>"; };
		AB94F3DA2B3DE38F003BA4CB /* DiscordCommandError.swift */ = {isa = PBXFileReference; lastKnownFileType = sourcecode.swift; path = DiscordCommandError.swift; sourceTree = "<group>"; };
		AB94F3DC2B3E0D21003BA4CB /* BOT_TOKEN */ = {isa = PBXFileReference; lastKnownFileType = text; path = BOT_TOKEN; sourceTree = "<group>"; };
		AB94F3DE2B3E105E003BA4CB /* BotPermissionLevel.swift */ = {isa = PBXFileReference; lastKnownFileType = sourcecode.swift; path = BotPermissionLevel.swift; sourceTree = "<group>"; };
		AB94F3E02B3E1220003BA4CB /* Permissions.swift */ = {isa = PBXFileReference; lastKnownFileType = sourcecode.swift; path = Permissions.swift; sourceTree = "<group>"; };
		AB94F3E22B3E15BB003BA4CB /* MyPermissionsCommand.swift */ = {isa = PBXFileReference; lastKnownFileType = sourcecode.swift; path = MyPermissionsCommand.swift; sourceTree = "<group>"; };
		AB94F3E42B3E1D4D003BA4CB /* README.md */ = {isa = PBXFileReference; lastKnownFileType = net.daringfireball.markdown; path = README.md; sourceTree = "<group>"; };
		AB94F3E52B3EE787003BA4CB /* SetPermissionLevel.swift */ = {isa = PBXFileReference; lastKnownFileType = sourcecode.swift; path = SetPermissionLevel.swift; sourceTree = "<group>"; };
		AB94F3E72B3EFAAF003BA4CB /* Utils.swift */ = {isa = PBXFileReference; lastKnownFileType = sourcecode.swift; path = Utils.swift; sourceTree = "<group>"; };
		AB94F3E92B3F1DFF003BA4CB /* ShowPermissionsCommand.swift */ = {isa = PBXFileReference; lastKnownFileType = sourcecode.swift; path = ShowPermissionsCommand.swift; sourceTree = "<group>"; };
		AB94F3EB2B3F23C8003BA4CB /* DiscordBotError.swift */ = {isa = PBXFileReference; lastKnownFileType = sourcecode.swift; path = DiscordBotError.swift; sourceTree = "<group>"; };
		AB94F3ED2B3F2412003BA4CB /* PermissionsHandler.swift */ = {isa = PBXFileReference; lastKnownFileType = sourcecode.swift; path = PermissionsHandler.swift; sourceTree = "<group>"; };
		AB94F3EF2B3F3536003BA4CB /* ListWorldsCommand.swift */ = {isa = PBXFileReference; lastKnownFileType = sourcecode.swift; path = ListWorldsCommand.swift; sourceTree = "<group>"; };
		AB94F3F12B3F35C2003BA4CB /* PterodactylAPI.swift */ = {isa = PBXFileReference; lastKnownFileType = sourcecode.swift; path = PterodactylAPI.swift; sourceTree = "<group>"; };
		AB94F3F42B3F35EF003BA4CB /* FoundryWorld.swift */ = {isa = PBXFileReference; lastKnownFileType = sourcecode.swift; path = FoundryWorld.swift; sourceTree = "<group>"; };
		AB94F3F62B3F63AE003BA4CB /* Secrets.swift */ = {isa = PBXFileReference; lastKnownFileType = sourcecode.swift; path = Secrets.swift; sourceTree = "<group>"; };
		AB94F3F82B3F64A4003BA4CB /* SecretsError.swift */ = {isa = PBXFileReference; lastKnownFileType = sourcecode.swift; path = SecretsError.swift; sourceTree = "<group>"; };
		AB94F3FA2B3F69A4003BA4CB /* PTERODACTYL_API_KEY */ = {isa = PBXFileReference; lastKnownFileType = text; path = PTERODACTYL_API_KEY; sourceTree = "<group>"; };
		AB94F3FC2B3F6BD8003BA4CB /* FileListResponse.swift */ = {isa = PBXFileReference; lastKnownFileType = sourcecode.swift; path = FileListResponse.swift; sourceTree = "<group>"; };
		AB94F3FE2B3F6D55003BA4CB /* BotConfig.swift */ = {isa = PBXFileReference; lastKnownFileType = sourcecode.swift; path = BotConfig.swift; sourceTree = "<group>"; };
		AB94F4002B4336E0003BA4CB /* Savable.swift */ = {isa = PBXFileReference; lastKnownFileType = sourcecode.swift; path = Savable.swift; sourceTree = "<group>"; };
/* End PBXFileReference section */

/* Begin PBXFrameworksBuildPhase section */
		AB94F3B22B3DB8C5003BA4CB /* Frameworks */ = {
			isa = PBXFrameworksBuildPhase;
			buildActionMask = 2147483647;
			files = (
				AB94F3D92B3DE2E0003BA4CB /* JFUtils in Frameworks */,
				AB94F3C92B3DB91C003BA4CB /* DiscordHTTP in Frameworks */,
				AB94F3CD2B3DB91C003BA4CB /* DiscordUtilities in Frameworks */,
				AB94F3CB2B3DB91C003BA4CB /* DiscordModels in Frameworks */,
				AB94F3C72B3DB91C003BA4CB /* DiscordGateway in Frameworks */,
				AB94F3C52B3DB91C003BA4CB /* DiscordCore in Frameworks */,
				AB94F3C32B3DB91C003BA4CB /* DiscordBM in Frameworks */,
				AB94F3C12B3DB91C003BA4CB /* DiscordAuth in Frameworks */,
			);
			runOnlyForDeploymentPostprocessing = 0;
		};
/* End PBXFrameworksBuildPhase section */

/* Begin PBXGroup section */
		AB94F3AC2B3DB8C5003BA4CB = {
			isa = PBXGroup;
			children = (
				AB94F3FA2B3F69A4003BA4CB /* PTERODACTYL_API_KEY */,
				AB94F3E42B3E1D4D003BA4CB /* README.md */,
				AB94F3DC2B3E0D21003BA4CB /* BOT_TOKEN */,
				AB94F3B72B3DB8C5003BA4CB /* FoundryWorldSwitcher */,
				AB94F3B62B3DB8C5003BA4CB /* Products */,
			);
			sourceTree = "<group>";
		};
		AB94F3B62B3DB8C5003BA4CB /* Products */ = {
			isa = PBXGroup;
			children = (
				AB94F3B52B3DB8C5003BA4CB /* FoundryWorldSwitcher */,
			);
			name = Products;
			sourceTree = "<group>";
		};
		AB94F3B72B3DB8C5003BA4CB /* FoundryWorldSwitcher */ = {
			isa = PBXGroup;
			children = (
				AB94F3B82B3DB8C5003BA4CB /* main.swift */,
				AB94F3F62B3F63AE003BA4CB /* Secrets.swift */,
				AB94F3F82B3F64A4003BA4CB /* SecretsError.swift */,
				AB94F3CE2B3DB974003BA4CB /* EventHandler.swift */,
				AB94F3EB2B3F23C8003BA4CB /* DiscordBotError.swift */,
				AB94F3DA2B3DE38F003BA4CB /* DiscordCommandError.swift */,
				AB94F3DE2B3E105E003BA4CB /* BotPermissionLevel.swift */,
				AB94F3E02B3E1220003BA4CB /* Permissions.swift */,
				AB94F3ED2B3F2412003BA4CB /* PermissionsHandler.swift */,
				AB94F3E72B3EFAAF003BA4CB /* Utils.swift */,
				AB94F3FE2B3F6D55003BA4CB /* BotConfig.swift */,
				AB94F4002B4336E0003BA4CB /* Savable.swift */,
				AB94F3F32B3F35E0003BA4CB /* Pterodactyl API */,
				AB94F3D22B3DDC9E003BA4CB /* Commands */,
			);
			path = FoundryWorldSwitcher;
			sourceTree = "<group>";
		};
		AB94F3D22B3DDC9E003BA4CB /* Commands */ = {
			isa = PBXGroup;
			children = (
				AB94F3D02B3DDC25003BA4CB /* DiscordCommand.swift */,
				AB94F3D52B3DE00D003BA4CB /* HelloCommand.swift */,
				AB94F3E22B3E15BB003BA4CB /* MyPermissionsCommand.swift */,
				AB94F3E52B3EE787003BA4CB /* SetPermissionLevel.swift */,
				AB94F3E92B3F1DFF003BA4CB /* ShowPermissionsCommand.swift */,
				AB94F3EF2B3F3536003BA4CB /* ListWorldsCommand.swift */,
			);
			path = Commands;
			sourceTree = "<group>";
		};
		AB94F3F32B3F35E0003BA4CB /* Pterodactyl API */ = {
			isa = PBXGroup;
			children = (
				AB94F3F12B3F35C2003BA4CB /* PterodactylAPI.swift */,
				AB94F3F42B3F35EF003BA4CB /* FoundryWorld.swift */,
				AB94F3FC2B3F6BD8003BA4CB /* FileListResponse.swift */,
			);
			path = "Pterodactyl API";
			sourceTree = "<group>";
		};
/* End PBXGroup section */

/* Begin PBXNativeTarget section */
		AB94F3B42B3DB8C5003BA4CB /* FoundryWorldSwitcher */ = {
			isa = PBXNativeTarget;
			buildConfigurationList = AB94F3BC2B3DB8C5003BA4CB /* Build configuration list for PBXNativeTarget "FoundryWorldSwitcher" */;
			buildPhases = (
				AB94F3B12B3DB8C5003BA4CB /* Sources */,
				AB94F3B22B3DB8C5003BA4CB /* Frameworks */,
				AB94F3B32B3DB8C5003BA4CB /* CopyFiles */,
			);
			buildRules = (
			);
			dependencies = (
			);
			name = FoundryWorldSwitcher;
			packageProductDependencies = (
				AB94F3C02B3DB91C003BA4CB /* DiscordAuth */,
				AB94F3C22B3DB91C003BA4CB /* DiscordBM */,
				AB94F3C42B3DB91C003BA4CB /* DiscordCore */,
				AB94F3C62B3DB91C003BA4CB /* DiscordGateway */,
				AB94F3C82B3DB91C003BA4CB /* DiscordHTTP */,
				AB94F3CA2B3DB91C003BA4CB /* DiscordModels */,
				AB94F3CC2B3DB91C003BA4CB /* DiscordUtilities */,
				AB94F3D82B3DE2E0003BA4CB /* JFUtils */,
			);
			productName = FoundryWorldSwitcher;
			productReference = AB94F3B52B3DB8C5003BA4CB /* FoundryWorldSwitcher */;
			productType = "com.apple.product-type.tool";
		};
/* End PBXNativeTarget section */

/* Begin PBXProject section */
		AB94F3AD2B3DB8C5003BA4CB /* Project object */ = {
			isa = PBXProject;
			attributes = {
				BuildIndependentTargetsInParallel = 1;
				LastSwiftUpdateCheck = 1510;
				LastUpgradeCheck = 1510;
				TargetAttributes = {
					AB94F3B42B3DB8C5003BA4CB = {
						CreatedOnToolsVersion = 15.1;
					};
				};
			};
			buildConfigurationList = AB94F3B02B3DB8C5003BA4CB /* Build configuration list for PBXProject "FoundryWorldSwitcher" */;
			compatibilityVersion = "Xcode 14.0";
			developmentRegion = en;
			hasScannedForEncodings = 0;
			knownRegions = (
				en,
				Base,
			);
			mainGroup = AB94F3AC2B3DB8C5003BA4CB;
			packageReferences = (
				AB94F3BF2B3DB91C003BA4CB /* XCRemoteSwiftPackageReference "DiscordBM" */,
				AB94F3D72B3DE2E0003BA4CB /* XCRemoteSwiftPackageReference "JFUtils" */,
			);
			productRefGroup = AB94F3B62B3DB8C5003BA4CB /* Products */;
			projectDirPath = "";
			projectRoot = "";
			targets = (
				AB94F3B42B3DB8C5003BA4CB /* FoundryWorldSwitcher */,
			);
		};
/* End PBXProject section */

/* Begin PBXSourcesBuildPhase section */
		AB94F3B12B3DB8C5003BA4CB /* Sources */ = {
			isa = PBXSourcesBuildPhase;
			buildActionMask = 2147483647;
			files = (
				AB94F3E12B3E1220003BA4CB /* Permissions.swift in Sources */,
				AB94F3FF2B3F6D55003BA4CB /* BotConfig.swift in Sources */,
				AB94F3EE2B3F2412003BA4CB /* PermissionsHandler.swift in Sources */,
				AB94F3F02B3F3536003BA4CB /* ListWorldsCommand.swift in Sources */,
				AB94F3D62B3DE00D003BA4CB /* HelloCommand.swift in Sources */,
				AB94F3B92B3DB8C5003BA4CB /* main.swift in Sources */,
				AB94F3FD2B3F6BD8003BA4CB /* FileListResponse.swift in Sources */,
				AB94F4012B4336E0003BA4CB /* Savable.swift in Sources */,
				AB94F3F72B3F63AE003BA4CB /* Secrets.swift in Sources */,
				AB94F3CF2B3DB974003BA4CB /* EventHandler.swift in Sources */,
				AB94F3F22B3F35C2003BA4CB /* PterodactylAPI.swift in Sources */,
				AB94F3DB2B3DE38F003BA4CB /* DiscordCommandError.swift in Sources */,
				AB94F3E82B3EFAAF003BA4CB /* Utils.swift in Sources */,
				AB94F3EA2B3F1DFF003BA4CB /* ShowPermissionsCommand.swift in Sources */,
				AB94F3DF2B3E105E003BA4CB /* BotPermissionLevel.swift in Sources */,
				AB94F3E32B3E15BB003BA4CB /* MyPermissionsCommand.swift in Sources */,
				AB94F3F52B3F35EF003BA4CB /* FoundryWorld.swift in Sources */,
				AB94F3F92B3F64A4003BA4CB /* SecretsError.swift in Sources */,
				AB94F3D12B3DDC25003BA4CB /* DiscordCommand.swift in Sources */,
				AB94F3E62B3EE787003BA4CB /* SetPermissionLevel.swift in Sources */,
				AB94F3EC2B3F23C8003BA4CB /* DiscordBotError.swift in Sources */,
			);
			runOnlyForDeploymentPostprocessing = 0;
		};
/* End PBXSourcesBuildPhase section */

/* Begin XCBuildConfiguration section */
		AB94F3BA2B3DB8C5003BA4CB /* Debug */ = {
			isa = XCBuildConfiguration;
			buildSettings = {
				ALWAYS_SEARCH_USER_PATHS = NO;
				ASSETCATALOG_COMPILER_GENERATE_SWIFT_ASSET_SYMBOL_EXTENSIONS = YES;
				CLANG_ANALYZER_NONNULL = YES;
				CLANG_ANALYZER_NUMBER_OBJECT_CONVERSION = YES_AGGRESSIVE;
				CLANG_CXX_LANGUAGE_STANDARD = "gnu++20";
				CLANG_ENABLE_MODULES = YES;
				CLANG_ENABLE_OBJC_ARC = YES;
				CLANG_ENABLE_OBJC_WEAK = YES;
				CLANG_WARN_BLOCK_CAPTURE_AUTORELEASING = YES;
				CLANG_WARN_BOOL_CONVERSION = YES;
				CLANG_WARN_COMMA = YES;
				CLANG_WARN_CONSTANT_CONVERSION = YES;
				CLANG_WARN_DEPRECATED_OBJC_IMPLEMENTATIONS = YES;
				CLANG_WARN_DIRECT_OBJC_ISA_USAGE = YES_ERROR;
				CLANG_WARN_DOCUMENTATION_COMMENTS = YES;
				CLANG_WARN_EMPTY_BODY = YES;
				CLANG_WARN_ENUM_CONVERSION = YES;
				CLANG_WARN_INFINITE_RECURSION = YES;
				CLANG_WARN_INT_CONVERSION = YES;
				CLANG_WARN_NON_LITERAL_NULL_CONVERSION = YES;
				CLANG_WARN_OBJC_IMPLICIT_RETAIN_SELF = YES;
				CLANG_WARN_OBJC_LITERAL_CONVERSION = YES;
				CLANG_WARN_OBJC_ROOT_CLASS = YES_ERROR;
				CLANG_WARN_QUOTED_INCLUDE_IN_FRAMEWORK_HEADER = YES;
				CLANG_WARN_RANGE_LOOP_ANALYSIS = YES;
				CLANG_WARN_STRICT_PROTOTYPES = YES;
				CLANG_WARN_SUSPICIOUS_MOVE = YES;
				CLANG_WARN_UNGUARDED_AVAILABILITY = YES_AGGRESSIVE;
				CLANG_WARN_UNREACHABLE_CODE = YES;
				CLANG_WARN__DUPLICATE_METHOD_MATCH = YES;
				COPY_PHASE_STRIP = NO;
				DEBUG_INFORMATION_FORMAT = dwarf;
				ENABLE_STRICT_OBJC_MSGSEND = YES;
				ENABLE_TESTABILITY = YES;
				ENABLE_USER_SCRIPT_SANDBOXING = YES;
				GCC_C_LANGUAGE_STANDARD = gnu17;
				GCC_DYNAMIC_NO_PIC = NO;
				GCC_NO_COMMON_BLOCKS = YES;
				GCC_OPTIMIZATION_LEVEL = 0;
				GCC_PREPROCESSOR_DEFINITIONS = (
					"DEBUG=1",
					"$(inherited)",
				);
				GCC_WARN_64_TO_32_BIT_CONVERSION = YES;
				GCC_WARN_ABOUT_RETURN_TYPE = YES_ERROR;
				GCC_WARN_UNDECLARED_SELECTOR = YES;
				GCC_WARN_UNINITIALIZED_AUTOS = YES_AGGRESSIVE;
				GCC_WARN_UNUSED_FUNCTION = YES;
				GCC_WARN_UNUSED_VARIABLE = YES;
				LOCALIZATION_PREFERS_STRING_CATALOGS = YES;
				MACOSX_DEPLOYMENT_TARGET = 14.1;
				MTL_ENABLE_DEBUG_INFO = INCLUDE_SOURCE;
				MTL_FAST_MATH = YES;
				ONLY_ACTIVE_ARCH = YES;
				SDKROOT = macosx;
				SWIFT_ACTIVE_COMPILATION_CONDITIONS = "DEBUG $(inherited)";
				SWIFT_OPTIMIZATION_LEVEL = "-Onone";
			};
			name = Debug;
		};
		AB94F3BB2B3DB8C5003BA4CB /* Release */ = {
			isa = XCBuildConfiguration;
			buildSettings = {
				ALWAYS_SEARCH_USER_PATHS = NO;
				ASSETCATALOG_COMPILER_GENERATE_SWIFT_ASSET_SYMBOL_EXTENSIONS = YES;
				CLANG_ANALYZER_NONNULL = YES;
				CLANG_ANALYZER_NUMBER_OBJECT_CONVERSION = YES_AGGRESSIVE;
				CLANG_CXX_LANGUAGE_STANDARD = "gnu++20";
				CLANG_ENABLE_MODULES = YES;
				CLANG_ENABLE_OBJC_ARC = YES;
				CLANG_ENABLE_OBJC_WEAK = YES;
				CLANG_WARN_BLOCK_CAPTURE_AUTORELEASING = YES;
				CLANG_WARN_BOOL_CONVERSION = YES;
				CLANG_WARN_COMMA = YES;
				CLANG_WARN_CONSTANT_CONVERSION = YES;
				CLANG_WARN_DEPRECATED_OBJC_IMPLEMENTATIONS = YES;
				CLANG_WARN_DIRECT_OBJC_ISA_USAGE = YES_ERROR;
				CLANG_WARN_DOCUMENTATION_COMMENTS = YES;
				CLANG_WARN_EMPTY_BODY = YES;
				CLANG_WARN_ENUM_CONVERSION = YES;
				CLANG_WARN_INFINITE_RECURSION = YES;
				CLANG_WARN_INT_CONVERSION = YES;
				CLANG_WARN_NON_LITERAL_NULL_CONVERSION = YES;
				CLANG_WARN_OBJC_IMPLICIT_RETAIN_SELF = YES;
				CLANG_WARN_OBJC_LITERAL_CONVERSION = YES;
				CLANG_WARN_OBJC_ROOT_CLASS = YES_ERROR;
				CLANG_WARN_QUOTED_INCLUDE_IN_FRAMEWORK_HEADER = YES;
				CLANG_WARN_RANGE_LOOP_ANALYSIS = YES;
				CLANG_WARN_STRICT_PROTOTYPES = YES;
				CLANG_WARN_SUSPICIOUS_MOVE = YES;
				CLANG_WARN_UNGUARDED_AVAILABILITY = YES_AGGRESSIVE;
				CLANG_WARN_UNREACHABLE_CODE = YES;
				CLANG_WARN__DUPLICATE_METHOD_MATCH = YES;
				COPY_PHASE_STRIP = NO;
				DEBUG_INFORMATION_FORMAT = "dwarf-with-dsym";
				ENABLE_NS_ASSERTIONS = NO;
				ENABLE_STRICT_OBJC_MSGSEND = YES;
				ENABLE_USER_SCRIPT_SANDBOXING = YES;
				GCC_C_LANGUAGE_STANDARD = gnu17;
				GCC_NO_COMMON_BLOCKS = YES;
				GCC_WARN_64_TO_32_BIT_CONVERSION = YES;
				GCC_WARN_ABOUT_RETURN_TYPE = YES_ERROR;
				GCC_WARN_UNDECLARED_SELECTOR = YES;
				GCC_WARN_UNINITIALIZED_AUTOS = YES_AGGRESSIVE;
				GCC_WARN_UNUSED_FUNCTION = YES;
				GCC_WARN_UNUSED_VARIABLE = YES;
				LOCALIZATION_PREFERS_STRING_CATALOGS = YES;
				MACOSX_DEPLOYMENT_TARGET = 14.1;
				MTL_ENABLE_DEBUG_INFO = NO;
				MTL_FAST_MATH = YES;
				SDKROOT = macosx;
				SWIFT_COMPILATION_MODE = wholemodule;
			};
			name = Release;
		};
		AB94F3BD2B3DB8C5003BA4CB /* Debug */ = {
			isa = XCBuildConfiguration;
			buildSettings = {
				CODE_SIGN_STYLE = Automatic;
				DEVELOPMENT_TEAM = 46C9Y785NA;
				ENABLE_HARDENED_RUNTIME = YES;
				PRODUCT_NAME = "$(TARGET_NAME)";
				SWIFT_VERSION = 5.0;
			};
			name = Debug;
		};
		AB94F3BE2B3DB8C5003BA4CB /* Release */ = {
			isa = XCBuildConfiguration;
			buildSettings = {
				CODE_SIGN_STYLE = Automatic;
				DEVELOPMENT_TEAM = 46C9Y785NA;
				ENABLE_HARDENED_RUNTIME = YES;
				PRODUCT_NAME = "$(TARGET_NAME)";
				SWIFT_VERSION = 5.0;
			};
			name = Release;
		};
/* End XCBuildConfiguration section */

/* Begin XCConfigurationList section */
		AB94F3B02B3DB8C5003BA4CB /* Build configuration list for PBXProject "FoundryWorldSwitcher" */ = {
			isa = XCConfigurationList;
			buildConfigurations = (
				AB94F3BA2B3DB8C5003BA4CB /* Debug */,
				AB94F3BB2B3DB8C5003BA4CB /* Release */,
			);
			defaultConfigurationIsVisible = 0;
			defaultConfigurationName = Release;
		};
		AB94F3BC2B3DB8C5003BA4CB /* Build configuration list for PBXNativeTarget "FoundryWorldSwitcher" */ = {
			isa = XCConfigurationList;
			buildConfigurations = (
				AB94F3BD2B3DB8C5003BA4CB /* Debug */,
				AB94F3BE2B3DB8C5003BA4CB /* Release */,
			);
			defaultConfigurationIsVisible = 0;
			defaultConfigurationName = Release;
		};
/* End XCConfigurationList section */

/* Begin XCRemoteSwiftPackageReference section */
		AB94F3BF2B3DB91C003BA4CB /* XCRemoteSwiftPackageReference "DiscordBM" */ = {
			isa = XCRemoteSwiftPackageReference;
			repositoryURL = "https://github.com/DiscordBM/DiscordBM#Apache-2.0-1-ov-file";
			requirement = {
				kind = upToNextMajorVersion;
				minimumVersion = 1.0.0;
			};
		};
		AB94F3D72B3DE2E0003BA4CB /* XCRemoteSwiftPackageReference "JFUtils" */ = {
			isa = XCRemoteSwiftPackageReference;
			repositoryURL = "https://github.com/iComputerfreak/JFUtils";
			requirement = {
				kind = upToNextMajorVersion;
				minimumVersion = 1.9.2;
			};
		};
/* End XCRemoteSwiftPackageReference section */

/* Begin XCSwiftPackageProductDependency section */
		AB94F3C02B3DB91C003BA4CB /* DiscordAuth */ = {
			isa = XCSwiftPackageProductDependency;
			package = AB94F3BF2B3DB91C003BA4CB /* XCRemoteSwiftPackageReference "DiscordBM" */;
			productName = DiscordAuth;
		};
		AB94F3C22B3DB91C003BA4CB /* DiscordBM */ = {
			isa = XCSwiftPackageProductDependency;
			package = AB94F3BF2B3DB91C003BA4CB /* XCRemoteSwiftPackageReference "DiscordBM" */;
			productName = DiscordBM;
		};
		AB94F3C42B3DB91C003BA4CB /* DiscordCore */ = {
			isa = XCSwiftPackageProductDependency;
			package = AB94F3BF2B3DB91C003BA4CB /* XCRemoteSwiftPackageReference "DiscordBM" */;
			productName = DiscordCore;
		};
		AB94F3C62B3DB91C003BA4CB /* DiscordGateway */ = {
			isa = XCSwiftPackageProductDependency;
			package = AB94F3BF2B3DB91C003BA4CB /* XCRemoteSwiftPackageReference "DiscordBM" */;
			productName = DiscordGateway;
		};
		AB94F3C82B3DB91C003BA4CB /* DiscordHTTP */ = {
			isa = XCSwiftPackageProductDependency;
			package = AB94F3BF2B3DB91C003BA4CB /* XCRemoteSwiftPackageReference "DiscordBM" */;
			productName = DiscordHTTP;
		};
		AB94F3CA2B3DB91C003BA4CB /* DiscordModels */ = {
			isa = XCSwiftPackageProductDependency;
			package = AB94F3BF2B3DB91C003BA4CB /* XCRemoteSwiftPackageReference "DiscordBM" */;
			productName = DiscordModels;
		};
		AB94F3CC2B3DB91C003BA4CB /* DiscordUtilities */ = {
			isa = XCSwiftPackageProductDependency;
			package = AB94F3BF2B3DB91C003BA4CB /* XCRemoteSwiftPackageReference "DiscordBM" */;
			productName = DiscordUtilities;
		};
		AB94F3D82B3DE2E0003BA4CB /* JFUtils */ = {
			isa = XCSwiftPackageProductDependency;
			package = AB94F3D72B3DE2E0003BA4CB /* XCRemoteSwiftPackageReference "JFUtils" */;
			productName = JFUtils;
		};
/* End XCSwiftPackageProductDependency section */
	};
	rootObject = AB94F3AD2B3DB8C5003BA4CB /* Project object */;
}
